// !$*UTF8*$!
{
	archiveVersion = 1;
	classes = {
	};
	objectVersion = 56;
	objects = {

/* Begin PBXBuildFile section */
		0B6CF8BEB936A2055F19AA8C /* CodexProvider.swift in Sources */ = {isa = PBXBuildFile; fileRef = 76783C44AA2329AE3FA7E981 /* CodexProvider.swift */; };
		0EA5E7A5BCD47582D6C2175B /* TokenManager.swift in Sources */ = {isa = PBXBuildFile; fileRef = DBF0C48368166F3AD0C79F92 /* TokenManager.swift */; };
		11DD5CEEB9FA083728D151DD /* TavilyLiveIntegrationTests.swift in Sources */ = {isa = PBXBuildFile; fileRef = 7A255270920EBB45B5176EFA /* TavilyLiveIntegrationTests.swift */; };
		23AA5FD37F2062EACCA79F50 /* GeminiCLIProviderTests.swift in Sources */ = {isa = PBXBuildFile; fileRef = B63B85E0F2A8C591D7E26AE2 /* GeminiCLIProviderTests.swift */; };
		27A0B56ADAC5B75A3270F90D /* CopilotProvider.swift in Sources */ = {isa = PBXBuildFile; fileRef = F4AE672516E564CC52739BD9 /* CopilotProvider.swift */; };
		27B95F7F84DDB8B206A2E21A /* SearchEngineTitleTests.swift in Sources */ = {isa = PBXBuildFile; fileRef = 8F0ECB3B429456A48F1A4E69 /* SearchEngineTitleTests.swift */; };
		283348F92F313096004DADE1 /* ProviderResult.swift in Sources */ = {isa = PBXBuildFile; fileRef = PR2222222222222222222222 /* ProviderResult.swift */; };
		283348FA2F313096004DADE1 /* UsageHistory.swift in Sources */ = {isa = PBXBuildFile; fileRef = E44444444444444444444444 /* UsageHistory.swift */; };
		283348FB2F313096004DADE1 /* GeminiCLIProvider.swift in Sources */ = {isa = PBXBuildFile; fileRef = 06EC3B683EB6892E4F9C8316 /* GeminiCLIProvider.swift */; };
		283348FC2F313096004DADE1 /* ProviderProtocol.swift in Sources */ = {isa = PBXBuildFile; fileRef = BE39D5663A7ABADC7E54B91D /* ProviderProtocol.swift */; };
		283348FD2F313096004DADE1 /* ProviderUsage.swift in Sources */ = {isa = PBXBuildFile; fileRef = 4158558E58B121A9D13C48C3 /* ProviderUsage.swift */; };
		283348FE2F313096004DADE1 /* TokenManager.swift in Sources */ = {isa = PBXBuildFile; fileRef = DBF0C48368166F3AD0C79F92 /* TokenManager.swift */; };
		283348FF2F313096004DADE1 /* BrowserCookieService.swift in Sources */ = {isa = PBXBuildFile; fileRef = 2707EF99248FCDEFDEE3DA9C /* BrowserCookieService.swift */; };
		283349012F313176004DADE1 /* ChutesProvider.swift in Sources */ = {isa = PBXBuildFile; fileRef = 283349002F313176004DADE1 /* ChutesProvider.swift */; };
		283349022F313176004DADE1 /* ChutesProvider.swift in Sources */ = {isa = PBXBuildFile; fileRef = 283349002F313176004DADE1 /* ChutesProvider.swift */; };
		3598A5E3900D37EA08DEA6F4 /* KeySourceTests.swift in Sources */ = {isa = PBXBuildFile; fileRef = 94055A7CFB59D90DA90B27A0 /* KeySourceTests.swift */; };
		A1B2C3D4E5F60718293A4B5E /* ExchangeRateStoreTests.swift in Sources */ = {isa = PBXBuildFile; fileRef = A1B2C3D4E5F60718293A4B5F /* ExchangeRateStoreTests.swift */; };
		A1B2C3D4E5F60718293A4B60 /* exchange_rate_success.json in Resources */ = {isa = PBXBuildFile; fileRef = A1B2C3D4E5F60718293A4B61 /* exchange_rate_success.json */; };
		A1B2C3D4E5F60718293A4B62 /* exchange_rate_error.json in Resources */ = {isa = PBXBuildFile; fileRef = A1B2C3D4E5F60718293A4B63 /* exchange_rate_error.json */; };
		390C3E920A03C8890AAA1CEE /* AntigravityProvider.swift in Sources */ = {isa = PBXBuildFile; fileRef = F1DA8E47F4CFEFC3571708AD /* AntigravityProvider.swift */; };
		632E52F6050FAD5CAF928E36 /* CopilotProviderTests.swift in Sources */ = {isa = PBXBuildFile; fileRef = ED35D8BD06A436306085737D /* CopilotProviderTests.swift */; };
		668B6906C95903D51823808A /* DependencyTests.swift in Sources */ = {isa = PBXBuildFile; fileRef = 2D2B4000E33060BA5E00351B /* DependencyTests.swift */; };
		68CE796F262067298FE88469 /* BrowserCookieService.swift in Sources */ = {isa = PBXBuildFile; fileRef = 2707EF99248FCDEFDEE3DA9C /* BrowserCookieService.swift */; };
		6C4146861DE2C13836DE1D35 /* CopilotHistoryService.swift in Sources */ = {isa = PBXBuildFile; fileRef = 9B1085A77EF4A58E5B5EC71B /* CopilotHistoryService.swift */; };
		6E20731420660405A73659A3 /* ModernApp.swift in Sources */ = {isa = PBXBuildFile; fileRef = 6279E48B0F50E99C3B23C4F3 /* ModernApp.swift */; };
		7023538D2C1FD2C142C4D0C6 /* tavily_usage_response.json in Resources */ = {isa = PBXBuildFile; fileRef = 08AE97C415017492D0809041 /* tavily_usage_response.json */; };
		7C7800B96DEE77EBE9DAD5E8 /* KeySource.swift in Sources */ = {isa = PBXBuildFile; fileRef = 9F2E141A81879AD0D9434ED6 /* KeySource.swift */; };
		A1B2C3D4E5F60718293A4B64 /* ExchangeRateStore.swift in Sources */ = {isa = PBXBuildFile; fileRef = A1B2C3D4E5F60718293A4B65 /* ExchangeRateStore.swift */; };
		87297CDD8B65F7EF0BC5D650 /* ProviderManager.swift in Sources */ = {isa = PBXBuildFile; fileRef = 18F40F1AC76A49A9B9DF74B0 /* ProviderManager.swift */; };
		8EA90F9E26F29FC7938D2924 /* ProviderViewModel.swift in Sources */ = {isa = PBXBuildFile; fileRef = 8BDA856BBC854D3FF310EA51 /* ProviderViewModel.swift */; };
		A14AF9AC6A646726B7C94978 /* MenuResultBuilder.swift in Sources */ = {isa = PBXBuildFile; fileRef = 0F6CE62C58ECA852F25FEF30 /* MenuResultBuilder.swift */; };
		A1BED4A5CA1FEC2DADC461C2 /* MenuDesignTokenTests.swift in Sources */ = {isa = PBXBuildFile; fileRef = C8493409A9188CFF5B73D5B3 /* MenuDesignTokenTests.swift */; };
		A33333333333333333333333 /* AppDelegate.swift in Sources */ = {isa = PBXBuildFile; fileRef = A44444444444444444444444 /* AppDelegate.swift */; };
		A454D8C22F30544900E355E3 /* MenuBarExtraAccess in Frameworks */ = {isa = PBXBuildFile; productRef = MBA2222222222222222222222 /* MenuBarExtraAccess */; };
		A454D8C42F30548900E355E3 /* ZaiCodingPlanProvider.swift in Sources */ = {isa = PBXBuildFile; fileRef = A454D8C32F30548900E355E3 /* ZaiCodingPlanProvider.swift */; };
		A55555555555555555555555 /* Assets.xcassets in Resources */ = {isa = PBXBuildFile; fileRef = A66666666666666666666666 /* Assets.xcassets */; };
		A7E5552C32E6B46F047AC1C6 /* KeySource.swift in Sources */ = {isa = PBXBuildFile; fileRef = 9F2E141A81879AD0D9434ED6 /* KeySource.swift */; };
		AD95EBD6AE3134DF4C797577 /* ClaudeProvider.swift in Sources */ = {isa = PBXBuildFile; fileRef = 4DDC1B4DE6B5118CE4AE8F82 /* ClaudeProvider.swift */; };
		AM1111111111111111111111 /* AppMigrationHelper.swift in Sources */ = {isa = PBXBuildFile; fileRef = AM2222222222222222222222 /* AppMigrationHelper.swift */; };
		B248782F500D3B09E0CE5AC8 /* ProviderUsage.swift in Sources */ = {isa = PBXBuildFile; fileRef = 4158558E58B121A9D13C48C3 /* ProviderUsage.swift */; };
		B452E4DDD82E777D8394D295 /* TavilySearchProviderTests.swift in Sources */ = {isa = PBXBuildFile; fileRef = 36C2B344956C6CBB5D2AA5E3 /* TavilySearchProviderTests.swift */; };
		B58BAD3BFD97973070A2A892 /* MenuResultBuilderTests.swift in Sources */ = {isa = PBXBuildFile; fileRef = 54353FD130DDE0500F6B367F /* MenuResultBuilderTests.swift */; };
		BCDE4599B74AF7A799CE1D /* StatusBarIconView.swift in Sources */ = {isa = PBXBuildFile; fileRef = AD0CA52627AF05BD67B56E /* StatusBarIconView.swift */; };
		BRAVEAPP1111111111111111 /* BraveSearchProvider.swift in Sources */ = {isa = PBXBuildFile; fileRef = BRAVEFILE22222222222222 /* BraveSearchProvider.swift */; };
		C770099D14F30416045F8AFA /* ai_infra_keys.yaml in Resources */ = {isa = PBXBuildFile; fileRef = CF23F2A5CF0366FB78011DCA /* ai_infra_keys.yaml */; };
		CB3FA9AE43F3466269FA56F4 /* ProviderProtocol.swift in Sources */ = {isa = PBXBuildFile; fileRef = BE39D5663A7ABADC7E54B91D /* ProviderProtocol.swift */; };
		CB4724DEB2377B892281E8CD /* ModernStatusBarIconView.swift in Sources */ = {isa = PBXBuildFile; fileRef = 2DD8824FD8DE388CEE314F92 /* ModernStatusBarIconView.swift */; };
		CLI1111111111111111111111 /* main.swift in Sources */ = {isa = PBXBuildFile; fileRef = CLI2222222222222222222222 /* main.swift */; };
		CLI3333333333333333333333 /* ArgumentParser in Frameworks */ = {isa = PBXBuildFile; productRef = CLI4444444444444444444444 /* ArgumentParser */; };
		CLIANTIGRAVITY11111111 /* AntigravityProvider.swift in Sources */ = {isa = PBXBuildFile; fileRef = F1DA8E47F4CFEFC3571708AD /* AntigravityProvider.swift */; };
		CLIBRAVE1111111111111111 /* BraveSearchProvider.swift in Sources */ = {isa = PBXBuildFile; fileRef = BRAVEFILE22222222222222 /* BraveSearchProvider.swift */; };
		CLICLAUDE11111111111111 /* ClaudeProvider.swift in Sources */ = {isa = PBXBuildFile; fileRef = 4DDC1B4DE6B5118CE4AE8F82 /* ClaudeProvider.swift */; };
		CLICODEX111111111111111 /* CodexProvider.swift in Sources */ = {isa = PBXBuildFile; fileRef = 76783C44AA2329AE3FA7E981 /* CodexProvider.swift */; };
		CLICOPILOT11111111111111 /* CopilotCLIProvider.swift in Sources */ = {isa = PBXBuildFile; fileRef = CLICOPILOT22222222222222 /* CopilotCLIProvider.swift */; };
		CLICOPILOTUSAGE111111111 /* CopilotUsage.swift in Sources */ = {isa = PBXBuildFile; fileRef = E22222222222222222222222 /* CopilotUsage.swift */; };
		CLICOPY111111111111111111 /* opencodebar-cli in Embed CLI */ = {isa = PBXBuildFile; fileRef = CLI5555555555555555555555 /* opencodebar-cli */; settings = {ATTRIBUTES = (CodeSignOnCopy, ); }; };
		CLICURSOR1111111111111 /* CursorProvider.swift in Sources */ = {isa = PBXBuildFile; fileRef = CURSORFILE222222222222 /* CursorProvider.swift */; };
		CLIHISTORY11111111111111 /* CopilotHistoryService.swift in Sources */ = {isa = PBXBuildFile; fileRef = 9B1085A77EF4A58E5B5EC71B /* CopilotHistoryService.swift */; };
		CLIKIMI1111111111111111 /* KimiProvider.swift in Sources */ = {isa = PBXBuildFile; fileRef = KI2222222222222222222222 /* KimiProvider.swift */; };
		CLIMINIMAX11111111111111 /* MiniMaxProvider.swift in Sources */ = {isa = PBXBuildFile; fileRef = MINIMAXFILE2222222222222 /* MiniMaxProvider.swift */; };
		CLIOPENCZEN1111111111111 /* OpenCodeZenProvider.swift in Sources */ = {isa = PBXBuildFile; fileRef = OZ2222222222222222222222 /* OpenCodeZenProvider.swift */; };
		CLIOPENROUTER111111111 /* OpenRouterProvider.swift in Sources */ = {isa = PBXBuildFile; fileRef = OR2222222222222222222222 /* OpenRouterProvider.swift */; };
		CLIPROVMGR11111111111111 /* CLIProviderManager.swift in Sources */ = {isa = PBXBuildFile; fileRef = CLIPROVMGR22222222222222 /* CLIProviderManager.swift */; };
		CLISYNTHETIC1111111111111 /* SyntheticProvider.swift in Sources */ = {isa = PBXBuildFile; fileRef = SYNTHETIC2222222222222222 /* SyntheticProvider.swift */; };
		CLITAVILY111111111111111 /* TavilySearchProvider.swift in Sources */ = {isa = PBXBuildFile; fileRef = TAVILYFILE22222222222222 /* TavilySearchProvider.swift */; };
		CLIZAI11111111111111111 /* ZaiCodingPlanProvider.swift in Sources */ = {isa = PBXBuildFile; fileRef = A454D8C32F30548900E355E3 /* ZaiCodingPlanProvider.swift */; };
		CMDCODEAPP111111111111 /* CommandCodeProvider.swift in Sources */ = {isa = PBXBuildFile; fileRef = CMDCODEFILE11111111111 /* CommandCodeProvider.swift */; };
		CMDCODECLI111111111111 /* CommandCodeProvider.swift in Sources */ = {isa = PBXBuildFile; fileRef = CMDCODEFILE11111111111 /* CommandCodeProvider.swift */; };
		CMDCODETESTBF111111111 /* CommandCodeProviderTests.swift in Sources */ = {isa = PBXBuildFile; fileRef = CMDCODETESTFR111111111 /* CommandCodeProviderTests.swift */; };
		CODEXTESTBF111111111111 /* CodexProviderTests.swift in Sources */ = {isa = PBXBuildFile; fileRef = CODEXTESTFR111111111111 /* CodexProviderTests.swift */; };
		CURSORAPP1111111111111 /* CursorProvider.swift in Sources */ = {isa = PBXBuildFile; fileRef = CURSORFILE222222222222 /* CursorProvider.swift */; };
		CURSORTSTBF11111111111 /* CursorProviderTests.swift in Sources */ = {isa = PBXBuildFile; fileRef = CURSORTSTFR11111111111 /* CursorProviderTests.swift */; };
		D11111111111111111111111 /* StatusBarController.swift in Sources */ = {isa = PBXBuildFile; fileRef = D22222222222222222222222 /* StatusBarController.swift */; };
		E11111111111111111111111 /* CopilotUsage.swift in Sources */ = {isa = PBXBuildFile; fileRef = E22222222222222222222222 /* CopilotUsage.swift */; };
		E33333333333333333333334 /* UsageHistory.swift in Sources */ = {isa = PBXBuildFile; fileRef = E44444444444444444444444 /* UsageHistory.swift */; };
		E92DAE297D071D146591E201 /* MultiProviderStatusBarIconView.swift in Sources */ = {isa = PBXBuildFile; fileRef = 24BD2AE5B12FABC3E915AE27 /* MultiProviderStatusBarIconView.swift */; };
		F08C918116D7B3024B68C81A /* MenuDesignToken.swift in Sources */ = {isa = PBXBuildFile; fileRef = C1C7C9FDB4600114F02B2915 /* MenuDesignToken.swift */; };
		F11111111111111111111111 /* UsagePredictor.swift in Sources */ = {isa = PBXBuildFile; fileRef = F22222222222222222222222 /* UsagePredictor.swift */; };
		F35960B456C28D71BE7575A5 /* GeminiCLIProvider.swift in Sources */ = {isa = PBXBuildFile; fileRef = 06EC3B683EB6892E4F9C8316 /* GeminiCLIProvider.swift */; };
		GROKAPP11111111111111 /* GrokProvider.swift in Sources */ = {isa = PBXBuildFile; fileRef = GROKFILE2222222222222 /* GrokProvider.swift */; };
		GROKCLI11111111111111 /* GrokProvider.swift in Sources */ = {isa = PBXBuildFile; fileRef = GROKFILE2222222222222 /* GrokProvider.swift */; };
		GROKTESTBF11111111111 /* GrokProviderTests.swift in Sources */ = {isa = PBXBuildFile; fileRef = GROKTESTFR11111111111 /* GrokProviderTests.swift */; };
		KI1111111111111111111111 /* KimiProvider.swift in Sources */ = {isa = PBXBuildFile; fileRef = KI2222222222222222222222 /* KimiProvider.swift */; };
		KIROAPP11111111111111 /* KiroProvider.swift in Sources */ = {isa = PBXBuildFile; fileRef = KIROFILE2222222222222 /* KiroProvider.swift */; };
		KIROCLI11111111111111 /* KiroProvider.swift in Sources */ = {isa = PBXBuildFile; fileRef = KIROFILE2222222222222 /* KiroProvider.swift */; };
		KIROTESTBF11111111111 /* KiroProviderTests.swift in Sources */ = {isa = PBXBuildFile; fileRef = KIROTESTFR11111111111 /* KiroProviderTests.swift */; };
		ME1111111111111111111111 /* MenuEnums.swift in Sources */ = {isa = PBXBuildFile; fileRef = ME2222222222222222222222 /* MenuEnums.swift */; };
		MINIMAXAPP11111111111111 /* MiniMaxProvider.swift in Sources */ = {isa = PBXBuildFile; fileRef = MINIMAXFILE2222222222222 /* MiniMaxProvider.swift */; };
		MINIMAXJSONBF11111111111 /* minimax_response.json in Resources */ = {isa = PBXBuildFile; fileRef = MINIMAXJSONFR11111111111 /* minimax_response.json */; };
		MINIMAXTESTBF11111111111 /* MiniMaxProviderTests.swift in Sources */ = {isa = PBXBuildFile; fileRef = MINIMAXTESTFR11111111111 /* MiniMaxProviderTests.swift */; };
		NANOGPTAPP11111111111111 /* NanoGptProvider.swift in Sources */ = {isa = PBXBuildFile; fileRef = NANOGPTFILE222222222222 /* NanoGptProvider.swift */; };
		NANOGPTCLI11111111111111 /* NanoGptProvider.swift in Sources */ = {isa = PBXBuildFile; fileRef = NANOGPTFILE222222222222 /* NanoGptProvider.swift */; };
		NANOGPTTESTBF1111111111 /* NanoGptProviderTests.swift in Sources */ = {isa = PBXBuildFile; fileRef = NANOGPTTESTFR1111111111 /* NanoGptProviderTests.swift */; };
		OC1111111111111111111111 /* OpenCodeProvider.swift in Sources */ = {isa = PBXBuildFile; fileRef = OC2222222222222222222222 /* OpenCodeProvider.swift */; };
		OCAUTHTESTBF11111111111 /* OpenCodeAuthDecodingTests.swift in Sources */ = {isa = PBXBuildFile; fileRef = OCAUTHTESTFR11111111111 /* OpenCodeAuthDecodingTests.swift */; };
		OCGOAPP11111111111111 /* OpenCodeGoProvider.swift in Sources */ = {isa = PBXBuildFile; fileRef = OCGOFILE2222222222222 /* OpenCodeGoProvider.swift */; };
		OCGOCLI11111111111111 /* OpenCodeGoProvider.swift in Sources */ = {isa = PBXBuildFile; fileRef = OCGOFILE2222222222222 /* OpenCodeGoProvider.swift */; };
		OCGOTESTBF11111111111 /* OpenCodeGoProviderTests.swift in Sources */ = {isa = PBXBuildFile; fileRef = OCGOTESTFR11111111111 /* OpenCodeGoProviderTests.swift */; };
		OCZENTESTBF111111111111 /* OpenCodeZenProviderTests.swift in Sources */ = {isa = PBXBuildFile; fileRef = OCZENTESTFR111111111111 /* OpenCodeZenProviderTests.swift */; };
		OR1111111111111111111111 /* OpenRouterProvider.swift in Sources */ = {isa = PBXBuildFile; fileRef = OR2222222222222222222222 /* OpenRouterProvider.swift */; };
		OR4444444444444444444444 /* OpenRouterProviderTests.swift in Sources */ = {isa = PBXBuildFile; fileRef = OR3333333333333333333333 /* OpenRouterProviderTests.swift */; };
		OR6666666666666666666666 /* openrouter_credits_response.json in Resources */ = {isa = PBXBuildFile; fileRef = OR5555555555555555555555 /* openrouter_credits_response.json */; };
		OR8888888888888888888888 /* openrouter_key_response.json in Resources */ = {isa = PBXBuildFile; fileRef = OR7777777777777777777777 /* openrouter_key_response.json */; };
		OZ1111111111111111111111 /* OpenCodeZenProvider.swift in Sources */ = {isa = PBXBuildFile; fileRef = OZ2222222222222222222222 /* OpenCodeZenProvider.swift */; };
		PMB111111111111111111111 /* ProviderMenuBuilder.swift in Sources */ = {isa = PBXBuildFile; fileRef = PMB222222222222222222222 /* ProviderMenuBuilder.swift */; };
		PR1111111111111111111111 /* ProviderResult.swift in Sources */ = {isa = PBXBuildFile; fileRef = PR2222222222222222222222 /* ProviderResult.swift */; };
		SP1111111111111111111111 /* Sparkle in Frameworks */ = {isa = PBXBuildFile; productRef = SP2222222222222222222222 /* Sparkle */; };
		SS1111111111111111111111 /* SubscriptionSettings.swift in Sources */ = {isa = PBXBuildFile; fileRef = SS2222222222222222222222 /* SubscriptionSettings.swift */; };
		SYNTHETIC1111111111111111 /* SyntheticProvider.swift in Sources */ = {isa = PBXBuildFile; fileRef = SYNTHETIC2222222222222222 /* SyntheticProvider.swift */; };
		SYNTHTEST2222222222222222 /* SyntheticProviderTests.swift in Sources */ = {isa = PBXBuildFile; fileRef = SYNTHTEST1111111111111111 /* SyntheticProviderTests.swift */; };
		T11111111111111111111111 /* ProviderUsageTests.swift in Sources */ = {isa = PBXBuildFile; fileRef = T22222222222222222222222 /* ProviderUsageTests.swift */; };
		T33333333333333333333333 /* claude_response.json in Resources */ = {isa = PBXBuildFile; fileRef = T44444444444444444444444 /* claude_response.json */; };
		T55555555555555555555555 /* codex_response.json in Resources */ = {isa = PBXBuildFile; fileRef = T66666666666666666666666 /* codex_response.json */; };
		T77777777777777777777777 /* copilot_response.json in Resources */ = {isa = PBXBuildFile; fileRef = T88888888888888888888888 /* copilot_response.json */; };
		T99999999999999999999999 /* gemini_response.json in Resources */ = {isa = PBXBuildFile; fileRef = TAAAAAAAAAAAAAAAAAAAAAAA /* gemini_response.json */; };
		TAVILYAPP111111111111111 /* TavilySearchProvider.swift in Sources */ = {isa = PBXBuildFile; fileRef = TAVILYFILE22222222222222 /* TavilySearchProvider.swift */; };
		TOKENTESTBF1111111111111 /* TokenManagerTests.swift in Sources */ = {isa = PBXBuildFile; fileRef = TOKENTESTFR1111111111111 /* TokenManagerTests.swift */; };
/* End PBXBuildFile section */

/* Begin PBXContainerItemProxy section */
		CLIPROXY11111111111111111 /* PBXContainerItemProxy */ = {
			isa = PBXContainerItemProxy;
			containerPortal = B44444444444444444444444 /* Project object */;
			proxyType = 1;
			remoteGlobalIDString = CLI8888888888888888888888;
			remoteInfo = "opencodebar-cli";
		};
		TNNNNNNNNNNNNNNNNNNNNNNN /* PBXContainerItemProxy */ = {
			isa = PBXContainerItemProxy;
			containerPortal = B44444444444444444444444 /* Project object */;
			proxyType = 1;
			remoteGlobalIDString = AFFFFFFFFFFFFFFFFFFFFF;
			remoteInfo = CopilotMonitor;
		};
/* End PBXContainerItemProxy section */

/* Begin PBXCopyFilesBuildPhase section */
		CLICOPYPH11111111111111111 /* Embed CLI */ = {
			isa = PBXCopyFilesBuildPhase;
			buildActionMask = 2147483647;
			dstPath = Contents/MacOS;
			dstSubfolderSpec = 1;
			files = (
				CLICOPY111111111111111111 /* opencodebar-cli in Embed CLI */,
			);
			name = "Embed CLI";
			runOnlyForDeploymentPostprocessing = 0;
		};
/* End PBXCopyFilesBuildPhase section */

/* Begin PBXFileReference section */
		06EC3B683EB6892E4F9C8316 /* GeminiCLIProvider.swift */ = {isa = PBXFileReference; includeInIndex = 1; lastKnownFileType = sourcecode.swift; path = GeminiCLIProvider.swift; sourceTree = "<group>"; };
		08AE97C415017492D0809041 /* tavily_usage_response.json */ = {isa = PBXFileReference; includeInIndex = 1; path = tavily_usage_response.json; sourceTree = "<group>"; };
		0F6CE62C58ECA852F25FEF30 /* MenuResultBuilder.swift */ = {isa = PBXFileReference; includeInIndex = 1; lastKnownFileType = sourcecode.swift; path = MenuResultBuilder.swift; sourceTree = "<group>"; };
		18F40F1AC76A49A9B9DF74B0 /* ProviderManager.swift */ = {isa = PBXFileReference; includeInIndex = 1; lastKnownFileType = sourcecode.swift; path = ProviderManager.swift; sourceTree = "<group>"; };
		24BD2AE5B12FABC3E915AE27 /* MultiProviderStatusBarIconView.swift */ = {isa = PBXFileReference; includeInIndex = 1; lastKnownFileType = sourcecode.swift; path = MultiProviderStatusBarIconView.swift; sourceTree = "<group>"; };
		2707EF99248FCDEFDEE3DA9C /* BrowserCookieService.swift */ = {isa = PBXFileReference; includeInIndex = 1; lastKnownFileType = sourcecode.swift; path = BrowserCookieService.swift; sourceTree = "<group>"; };
		283349002F313176004DADE1 /* ChutesProvider.swift */ = {isa = PBXFileReference; includeInIndex = 1; lastKnownFileType = sourcecode.swift; path = ChutesProvider.swift; sourceTree = "<group>"; };
		2D2B4000E33060BA5E00351B /* DependencyTests.swift */ = {isa = PBXFileReference; includeInIndex = 1; lastKnownFileType = sourcecode.swift; path = DependencyTests.swift; sourceTree = "<group>"; };
		2DD8824FD8DE388CEE314F92 /* ModernStatusBarIconView.swift */ = {isa = PBXFileReference; includeInIndex = 1; lastKnownFileType = sourcecode.swift; path = ModernStatusBarIconView.swift; sourceTree = "<group>"; };
		36C2B344956C6CBB5D2AA5E3 /* TavilySearchProviderTests.swift */ = {isa = PBXFileReference; includeInIndex = 1; lastKnownFileType = sourcecode.swift; path = TavilySearchProviderTests.swift; sourceTree = "<group>"; };
		4158558E58B121A9D13C48C3 /* ProviderUsage.swift */ = {isa = PBXFileReference; includeInIndex = 1; lastKnownFileType = sourcecode.swift; path = ProviderUsage.swift; sourceTree = "<group>"; };
		4DDC1B4DE6B5118CE4AE8F82 /* ClaudeProvider.swift */ = {isa = PBXFileReference; includeInIndex = 1; lastKnownFileType = sourcecode.swift; path = ClaudeProvider.swift; sourceTree = "<group>"; };
		54353FD130DDE0500F6B367F /* MenuResultBuilderTests.swift */ = {isa = PBXFileReference; includeInIndex = 1; lastKnownFileType = sourcecode.swift; path = MenuResultBuilderTests.swift; sourceTree = "<group>"; };
		6279E48B0F50E99C3B23C4F3 /* ModernApp.swift */ = {isa = PBXFileReference; includeInIndex = 1; lastKnownFileType = sourcecode.swift; path = ModernApp.swift; sourceTree = "<group>"; };
		76783C44AA2329AE3FA7E981 /* CodexProvider.swift */ = {isa = PBXFileReference; includeInIndex = 1; lastKnownFileType = sourcecode.swift; path = CodexProvider.swift; sourceTree = "<group>"; };
		7A255270920EBB45B5176EFA /* TavilyLiveIntegrationTests.swift */ = {isa = PBXFileReference; includeInIndex = 1; lastKnownFileType = sourcecode.swift; path = TavilyLiveIntegrationTests.swift; sourceTree = "<group>"; };
		8BDA856BBC854D3FF310EA51 /* ProviderViewModel.swift */ = {isa = PBXFileReference; includeInIndex = 1; lastKnownFileType = sourcecode.swift; path = ViewModels/ProviderViewModel.swift; sourceTree = "<group>"; };
		8F0ECB3B429456A48F1A4E69 /* SearchEngineTitleTests.swift */ = {isa = PBXFileReference; includeInIndex = 1; lastKnownFileType = sourcecode.swift; path = SearchEngineTitleTests.swift; sourceTree = "<group>"; };
		94055A7CFB59D90DA90B27A0 /* KeySourceTests.swift */ = {isa = PBXFileReference; includeInIndex = 1; lastKnownFileType = sourcecode.swift; path = KeySourceTests.swift; sourceTree = "<group>"; };
		A1B2C3D4E5F60718293A4B5F /* ExchangeRateStoreTests.swift */ = {isa = PBXFileReference; includeInIndex = 1; lastKnownFileType = sourcecode.swift; path = ExchangeRateStoreTests.swift; sourceTree = "<group>"; };
		A1B2C3D4E5F60718293A4B61 /* exchange_rate_success.json */ = {isa = PBXFileReference; includeInIndex = 1; path = exchange_rate_success.json; sourceTree = "<group>"; };
		A1B2C3D4E5F60718293A4B63 /* exchange_rate_error.json */ = {isa = PBXFileReference; includeInIndex = 1; path = exchange_rate_error.json; sourceTree = "<group>"; };
		9B1085A77EF4A58E5B5EC71B /* CopilotHistoryService.swift */ = {isa = PBXFileReference; includeInIndex = 1; lastKnownFileType = sourcecode.swift; path = CopilotHistoryService.swift; sourceTree = "<group>"; };
		9F2E141A81879AD0D9434ED6 /* KeySource.swift */ = {isa = PBXFileReference; includeInIndex = 1; lastKnownFileType = sourcecode.swift; path = KeySource.swift; sourceTree = "<group>"; };
		A1B2C3D4E5F60718293A4B65 /* ExchangeRateStore.swift */ = {isa = PBXFileReference; includeInIndex = 1; lastKnownFileType = sourcecode.swift; path = ExchangeRateStore.swift; sourceTree = "<group>"; };
		A44444444444444444444444 /* AppDelegate.swift */ = {isa = PBXFileReference; lastKnownFileType = sourcecode.swift; path = AppDelegate.swift; sourceTree = "<group>"; };
		A454D8C32F30548900E355E3 /* ZaiCodingPlanProvider.swift */ = {isa = PBXFileReference; lastKnownFileType = sourcecode.swift; path = ZaiCodingPlanProvider.swift; sourceTree = "<group>"; };
		A66666666666666666666666 /* Assets.xcassets */ = {isa = PBXFileReference; lastKnownFileType = folder.assetcatalog; path = Assets.xcassets; sourceTree = "<group>"; };
		A77777777777777777777777 /* OpenCode Bar.app */ = {isa = PBXFileReference; explicitFileType = wrapper.application; includeInIndex = 0; path = "OpenCode Bar.app"; sourceTree = BUILT_PRODUCTS_DIR; };
		A88888888888888888888888 /* CopilotMonitor.entitlements */ = {isa = PBXFileReference; lastKnownFileType = text.plist.entitlements; path = CopilotMonitor.entitlements; sourceTree = "<group>"; };
		A99999999999999999999999 /* Info.plist */ = {isa = PBXFileReference; lastKnownFileType = text.plist.xml; path = Info.plist; sourceTree = "<group>"; };
		AD0CA52627AF05BD67B56E /* StatusBarIconView.swift */ = {isa = PBXFileReference; lastKnownFileType = sourcecode.swift; path = StatusBarIconView.swift; sourceTree = "<group>"; };
		AM2222222222222222222222 /* AppMigrationHelper.swift */ = {isa = PBXFileReference; lastKnownFileType = sourcecode.swift; path = AppMigrationHelper.swift; sourceTree = "<group>"; };
		B63B85E0F2A8C591D7E26AE2 /* GeminiCLIProviderTests.swift */ = {isa = PBXFileReference; includeInIndex = 1; lastKnownFileType = sourcecode.swift; path = GeminiCLIProviderTests.swift; sourceTree = "<group>"; };
		BE39D5663A7ABADC7E54B91D /* ProviderProtocol.swift */ = {isa = PBXFileReference; includeInIndex = 1; lastKnownFileType = sourcecode.swift; path = ProviderProtocol.swift; sourceTree = "<group>"; };
		BRAVEFILE22222222222222 /* BraveSearchProvider.swift */ = {isa = PBXFileReference; lastKnownFileType = sourcecode.swift; path = BraveSearchProvider.swift; sourceTree = "<group>"; };
		C1C7C9FDB4600114F02B2915 /* MenuDesignToken.swift */ = {isa = PBXFileReference; includeInIndex = 1; lastKnownFileType = sourcecode.swift; path = MenuDesignToken.swift; sourceTree = "<group>"; };
		C8493409A9188CFF5B73D5B3 /* MenuDesignTokenTests.swift */ = {isa = PBXFileReference; includeInIndex = 1; lastKnownFileType = sourcecode.swift; path = MenuDesignTokenTests.swift; sourceTree = "<group>"; };
		CF23F2A5CF0366FB78011DCA /* ai_infra_keys.yaml */ = {isa = PBXFileReference; includeInIndex = 1; path = ai_infra_keys.yaml; sourceTree = "<group>"; };
		CLI2222222222222222222222 /* main.swift */ = {isa = PBXFileReference; lastKnownFileType = sourcecode.swift; path = main.swift; sourceTree = "<group>"; };
		CLI5555555555555555555555 /* opencodebar-cli */ = {isa = PBXFileReference; explicitFileType = "compiled.mach-o.executable"; includeInIndex = 0; path = "opencodebar-cli"; sourceTree = BUILT_PRODUCTS_DIR; };
		CLICOPILOT22222222222222 /* CopilotCLIProvider.swift */ = {isa = PBXFileReference; lastKnownFileType = sourcecode.swift; path = CopilotCLIProvider.swift; sourceTree = "<group>"; };
		CLIPROVMGR22222222222222 /* CLIProviderManager.swift */ = {isa = PBXFileReference; lastKnownFileType = sourcecode.swift; path = CLIProviderManager.swift; sourceTree = "<group>"; };
		CMDCODEFILE11111111111 /* CommandCodeProvider.swift */ = {isa = PBXFileReference; lastKnownFileType = sourcecode.swift; path = CommandCodeProvider.swift; sourceTree = "<group>"; };
		CMDCODETESTFR111111111 /* CommandCodeProviderTests.swift */ = {isa = PBXFileReference; lastKnownFileType = sourcecode.swift; path = CommandCodeProviderTests.swift; sourceTree = "<group>"; };
		CODEXTESTFR111111111111 /* CodexProviderTests.swift */ = {isa = PBXFileReference; lastKnownFileType = sourcecode.swift; path = CodexProviderTests.swift; sourceTree = "<group>"; };
		CURSORFILE222222222222 /* CursorProvider.swift */ = {isa = PBXFileReference; lastKnownFileType = sourcecode.swift; path = CursorProvider.swift; sourceTree = "<group>"; };
		CURSORTSTFR11111111111 /* CursorProviderTests.swift */ = {isa = PBXFileReference; lastKnownFileType = sourcecode.swift; path = CursorProviderTests.swift; sourceTree = "<group>"; };
		D22222222222222222222222 /* StatusBarController.swift */ = {isa = PBXFileReference; lastKnownFileType = sourcecode.swift; path = StatusBarController.swift; sourceTree = "<group>"; };
		DBF0C48368166F3AD0C79F92 /* TokenManager.swift */ = {isa = PBXFileReference; includeInIndex = 1; lastKnownFileType = sourcecode.swift; path = TokenManager.swift; sourceTree = "<group>"; };
		E22222222222222222222222 /* CopilotUsage.swift */ = {isa = PBXFileReference; lastKnownFileType = sourcecode.swift; path = CopilotUsage.swift; sourceTree = "<group>"; };
		E44444444444444444444444 /* UsageHistory.swift */ = {isa = PBXFileReference; lastKnownFileType = sourcecode.swift; path = UsageHistory.swift; sourceTree = "<group>"; };
		ED35D8BD06A436306085737D /* CopilotProviderTests.swift */ = {isa = PBXFileReference; includeInIndex = 1; lastKnownFileType = sourcecode.swift; path = CopilotProviderTests.swift; sourceTree = "<group>"; };
		F1DA8E47F4CFEFC3571708AD /* AntigravityProvider.swift */ = {isa = PBXFileReference; includeInIndex = 1; lastKnownFileType = sourcecode.swift; path = AntigravityProvider.swift; sourceTree = "<group>"; };
		F22222222222222222222222 /* UsagePredictor.swift */ = {isa = PBXFileReference; lastKnownFileType = sourcecode.swift; path = UsagePredictor.swift; sourceTree = "<group>"; };
		F4AE672516E564CC52739BD9 /* CopilotProvider.swift */ = {isa = PBXFileReference; includeInIndex = 1; lastKnownFileType = sourcecode.swift; path = CopilotProvider.swift; sourceTree = "<group>"; };
		GROKFILE2222222222222 /* GrokProvider.swift */ = {isa = PBXFileReference; lastKnownFileType = sourcecode.swift; path = GrokProvider.swift; sourceTree = "<group>"; };
		GROKTESTFR11111111111 /* GrokProviderTests.swift */ = {isa = PBXFileReference; lastKnownFileType = sourcecode.swift; path = GrokProviderTests.swift; sourceTree = "<group>"; };
		KI2222222222222222222222 /* KimiProvider.swift */ = {isa = PBXFileReference; includeInIndex = 1; lastKnownFileType = sourcecode.swift; path = KimiProvider.swift; sourceTree = "<group>"; };
		KIROFILE2222222222222 /* KiroProvider.swift */ = {isa = PBXFileReference; lastKnownFileType = sourcecode.swift; path = KiroProvider.swift; sourceTree = "<group>"; };
		KIROTESTFR11111111111 /* KiroProviderTests.swift */ = {isa = PBXFileReference; lastKnownFileType = sourcecode.swift; path = KiroProviderTests.swift; sourceTree = "<group>"; };
		ME2222222222222222222222 /* MenuEnums.swift */ = {isa = PBXFileReference; lastKnownFileType = sourcecode.swift; path = MenuEnums.swift; sourceTree = "<group>"; };
		MINIMAXFILE2222222222222 /* MiniMaxProvider.swift */ = {isa = PBXFileReference; lastKnownFileType = sourcecode.swift; path = MiniMaxProvider.swift; sourceTree = "<group>"; };
		MINIMAXJSONFR11111111111 /* minimax_response.json */ = {isa = PBXFileReference; lastKnownFileType = text.json; path = minimax_response.json; sourceTree = "<group>"; };
		MINIMAXTESTFR11111111111 /* MiniMaxProviderTests.swift */ = {isa = PBXFileReference; lastKnownFileType = sourcecode.swift; path = MiniMaxProviderTests.swift; sourceTree = "<group>"; };
		NANOGPTFILE222222222222 /* NanoGptProvider.swift */ = {isa = PBXFileReference; lastKnownFileType = sourcecode.swift; path = NanoGptProvider.swift; sourceTree = "<group>"; };
		NANOGPTTESTFR1111111111 /* NanoGptProviderTests.swift */ = {isa = PBXFileReference; lastKnownFileType = sourcecode.swift; path = NanoGptProviderTests.swift; sourceTree = "<group>"; };
		OC2222222222222222222222 /* OpenCodeProvider.swift */ = {isa = PBXFileReference; includeInIndex = 1; lastKnownFileType = sourcecode.swift; path = OpenCodeProvider.swift; sourceTree = "<group>"; };
		OCAUTHTESTFR11111111111 /* OpenCodeAuthDecodingTests.swift */ = {isa = PBXFileReference; lastKnownFileType = sourcecode.swift; path = OpenCodeAuthDecodingTests.swift; sourceTree = "<group>"; };
		OCGOFILE2222222222222 /* OpenCodeGoProvider.swift */ = {isa = PBXFileReference; lastKnownFileType = sourcecode.swift; path = OpenCodeGoProvider.swift; sourceTree = "<group>"; };
		OCGOTESTFR11111111111 /* OpenCodeGoProviderTests.swift */ = {isa = PBXFileReference; lastKnownFileType = sourcecode.swift; path = OpenCodeGoProviderTests.swift; sourceTree = "<group>"; };
		OCZENTESTFR111111111111 /* OpenCodeZenProviderTests.swift */ = {isa = PBXFileReference; lastKnownFileType = sourcecode.swift; path = OpenCodeZenProviderTests.swift; sourceTree = "<group>"; };
		OR2222222222222222222222 /* OpenRouterProvider.swift */ = {isa = PBXFileReference; includeInIndex = 1; lastKnownFileType = sourcecode.swift; path = OpenRouterProvider.swift; sourceTree = "<group>"; };
		OR3333333333333333333333 /* OpenRouterProviderTests.swift */ = {isa = PBXFileReference; includeInIndex = 1; lastKnownFileType = sourcecode.swift; path = OpenRouterProviderTests.swift; sourceTree = "<group>"; };
		OR5555555555555555555555 /* openrouter_credits_response.json */ = {isa = PBXFileReference; lastKnownFileType = text.json; path = openrouter_credits_response.json; sourceTree = "<group>"; };
		OR7777777777777777777777 /* openrouter_key_response.json */ = {isa = PBXFileReference; lastKnownFileType = text.json; path = openrouter_key_response.json; sourceTree = "<group>"; };
		OZ2222222222222222222222 /* OpenCodeZenProvider.swift */ = {isa = PBXFileReference; includeInIndex = 1; lastKnownFileType = sourcecode.swift; path = OpenCodeZenProvider.swift; sourceTree = "<group>"; };
		PMB222222222222222222222 /* ProviderMenuBuilder.swift */ = {isa = PBXFileReference; lastKnownFileType = sourcecode.swift; path = ProviderMenuBuilder.swift; sourceTree = "<group>"; };
		PR2222222222222222222222 /* ProviderResult.swift */ = {isa = PBXFileReference; includeInIndex = 1; lastKnownFileType = sourcecode.swift; path = ProviderResult.swift; sourceTree = "<group>"; };
		SS2222222222222222222222 /* SubscriptionSettings.swift */ = {isa = PBXFileReference; lastKnownFileType = sourcecode.swift; path = SubscriptionSettings.swift; sourceTree = "<group>"; };
		SYNTHETIC2222222222222222 /* SyntheticProvider.swift */ = {isa = PBXFileReference; lastKnownFileType = sourcecode.swift; path = SyntheticProvider.swift; sourceTree = "<group>"; };
		SYNTHTEST1111111111111111 /* SyntheticProviderTests.swift */ = {isa = PBXFileReference; lastKnownFileType = sourcecode.swift; path = SyntheticProviderTests.swift; sourceTree = "<group>"; };
		T22222222222222222222222 /* ProviderUsageTests.swift */ = {isa = PBXFileReference; lastKnownFileType = sourcecode.swift; path = ProviderUsageTests.swift; sourceTree = "<group>"; };
		T44444444444444444444444 /* claude_response.json */ = {isa = PBXFileReference; lastKnownFileType = text.json; path = claude_response.json; sourceTree = "<group>"; };
		T66666666666666666666666 /* codex_response.json */ = {isa = PBXFileReference; lastKnownFileType = text.json; path = codex_response.json; sourceTree = "<group>"; };
		T88888888888888888888888 /* copilot_response.json */ = {isa = PBXFileReference; lastKnownFileType = text.json; path = copilot_response.json; sourceTree = "<group>"; };
		TAAAAAAAAAAAAAAAAAAAAAAA /* gemini_response.json */ = {isa = PBXFileReference; lastKnownFileType = text.json; path = gemini_response.json; sourceTree = "<group>"; };
		TAVILYFILE22222222222222 /* TavilySearchProvider.swift */ = {isa = PBXFileReference; lastKnownFileType = sourcecode.swift; path = TavilySearchProvider.swift; sourceTree = "<group>"; };
		TDDDDDDDDDDDDDDDDDDDDDD /* CopilotMonitorTests.xctest */ = {isa = PBXFileReference; explicitFileType = wrapper.cfbundle; includeInIndex = 0; path = CopilotMonitorTests.xctest; sourceTree = BUILT_PRODUCTS_DIR; };
		TOKENTESTFR1111111111111 /* TokenManagerTests.swift */ = {isa = PBXFileReference; lastKnownFileType = sourcecode.swift; path = TokenManagerTests.swift; sourceTree = "<group>"; };
/* End PBXFileReference section */

/* Begin PBXFrameworksBuildPhase section */
		AAAAAAAAAAAAAAAAAAAAAAAA /* Frameworks */ = {
			isa = PBXFrameworksBuildPhase;
			buildActionMask = 2147483647;
			files = (
				A454D8C22F30544900E355E3 /* MenuBarExtraAccess in Frameworks */,
				SP1111111111111111111111 /* Sparkle in Frameworks */,
			);
			runOnlyForDeploymentPostprocessing = 0;
		};
		CLI6666666666666666666666 /* Frameworks */ = {
			isa = PBXFrameworksBuildPhase;
			buildActionMask = 2147483647;
			files = (
				CLI3333333333333333333333 /* ArgumentParser in Frameworks */,
			);
			runOnlyForDeploymentPostprocessing = 0;
		};
		TEEEEEEEEEEEEEEEEEEEEEE /* Frameworks */ = {
			isa = PBXFrameworksBuildPhase;
			buildActionMask = 2147483647;
			files = (
			);
			runOnlyForDeploymentPostprocessing = 0;
		};
/* End PBXFrameworksBuildPhase section */

/* Begin PBXGroup section */
		1D81BD5EF6E11EA1F43B6746 /* CopilotMonitor */ = {
			isa = PBXGroup;
			children = (
				EC7EB390754865EBC783E08F /* ViewModels */,
			);
			name = CopilotMonitor;
			sourceTree = "<group>";
		};
		3FEE31A8C4560737353C8578 /* SwiftUI */ = {
			isa = PBXGroup;
			children = (
				2DD8824FD8DE388CEE314F92 /* ModernStatusBarIconView.swift */,
			);
			path = SwiftUI;
			sourceTree = "<group>";
		};
		4D0546BDF4C7CD74746285DF /* Providers */ = {
			isa = PBXGroup;
			children = (
				A454D8C32F30548900E355E3 /* ZaiCodingPlanProvider.swift */,
				NANOGPTFILE222222222222 /* NanoGptProvider.swift */,
				06EC3B683EB6892E4F9C8316 /* GeminiCLIProvider.swift */,
				4DDC1B4DE6B5118CE4AE8F82 /* ClaudeProvider.swift */,
				76783C44AA2329AE3FA7E981 /* CodexProvider.swift */,
				CMDCODEFILE11111111111 /* CommandCodeProvider.swift */,
				CURSORFILE222222222222 /* CursorProvider.swift */,
				F4AE672516E564CC52739BD9 /* CopilotProvider.swift */,
				OC2222222222222222222222 /* OpenCodeProvider.swift */,
				OR2222222222222222222222 /* OpenRouterProvider.swift */,
				F1DA8E47F4CFEFC3571708AD /* AntigravityProvider.swift */,
				OZ2222222222222222222222 /* OpenCodeZenProvider.swift */,
				OCGOFILE2222222222222 /* OpenCodeGoProvider.swift */,
				GROKFILE2222222222222 /* GrokProvider.swift */,
				KIROFILE2222222222222 /* KiroProvider.swift */,
				KI2222222222222222222222 /* KimiProvider.swift */,
				MINIMAXFILE2222222222222 /* MiniMaxProvider.swift */,
				283349002F313176004DADE1 /* ChutesProvider.swift */,
				TAVILYFILE22222222222222 /* TavilySearchProvider.swift */,
				BRAVEFILE22222222222222 /* BraveSearchProvider.swift */,
				SYNTHETIC2222222222222222 /* SyntheticProvider.swift */,
			);
			path = Providers;
			sourceTree = "<group>";
		};
		ABBBBBBBBBBBBBBBBBBBBBBB = {
			isa = PBXGroup;
			children = (
				ACCCCCCCCCCCCCCCCCCCCCCC /* CopilotMonitor */,
				CLI7777777777777777777777 /* CLI */,
				TFFFFFFFFFFFFFFFFFFFFFFFF /* CopilotMonitorTests */,
				ADDDDDDDDDDDDDDDDDDDDDDD /* Products */,
				SP3333333333333333333333 /* Frameworks */,
			);
			sourceTree = "<group>";
		};
		ACCCCCCCCCCCCCCCCCCCCCCC /* CopilotMonitor */ = {
			isa = PBXGroup;
			children = (
				AEEEEEEEEEEEEEEEEEEEEEEE /* App */,
				C77777777777777777777777 /* Services */,
				C88888888888888888888888 /* Views */,
				ME3333333333333333333333 /* Helpers */,
				E33333333333333333333333 /* Models */,
				A66666666666666666666666 /* Assets.xcassets */,
				A88888888888888888888888 /* CopilotMonitor.entitlements */,
				A99999999999999999999999 /* Info.plist */,
				4D0546BDF4C7CD74746285DF /* Providers */,
				1D81BD5EF6E11EA1F43B6746 /* CopilotMonitor */,
			);
			path = CopilotMonitor;
			sourceTree = "<group>";
		};
		ADDDDDDDDDDDDDDDDDDDDDDD /* Products */ = {
			isa = PBXGroup;
			children = (
				A77777777777777777777777 /* OpenCode Bar.app */,
				CLI5555555555555555555555 /* opencodebar-cli */,
				TDDDDDDDDDDDDDDDDDDDDDD /* CopilotMonitorTests.xctest */,
			);
			name = Products;
			sourceTree = "<group>";
		};
		AEEEEEEEEEEEEEEEEEEEEEEE /* App */ = {
			isa = PBXGroup;
			children = (
				A44444444444444444444444 /* AppDelegate.swift */,
				AM2222222222222222222222 /* AppMigrationHelper.swift */,
				D22222222222222222222222 /* StatusBarController.swift */,
				6279E48B0F50E99C3B23C4F3 /* ModernApp.swift */,
			);
			path = App;
			sourceTree = "<group>";
		};
		C77777777777777777777777 /* Services */ = {
			isa = PBXGroup;
			children = (
				F22222222222222222222222 /* UsagePredictor.swift */,
				DBF0C48368166F3AD0C79F92 /* TokenManager.swift */,
				18F40F1AC76A49A9B9DF74B0 /* ProviderManager.swift */,
				2707EF99248FCDEFDEE3DA9C /* BrowserCookieService.swift */,
				9B1085A77EF4A58E5B5EC71B /* CopilotHistoryService.swift */,
				9F2E141A81879AD0D9434ED6 /* KeySource.swift */,
				A1B2C3D4E5F60718293A4B65 /* ExchangeRateStore.swift */,
			);
			path = Services;
			sourceTree = "<group>";
		};
		C88888888888888888888888 /* Views */ = {
			isa = PBXGroup;
			children = (
				AD0CA52627AF05BD67B56E /* StatusBarIconView.swift */,
				3FEE31A8C4560737353C8578 /* SwiftUI */,
				24BD2AE5B12FABC3E915AE27 /* MultiProviderStatusBarIconView.swift */,
			);
			path = Views;
			sourceTree = "<group>";
		};
		CLI7777777777777777777777 /* CLI */ = {
			isa = PBXGroup;
			children = (
				CLI2222222222222222222222 /* main.swift */,
				CLIPROVMGR22222222222222 /* CLIProviderManager.swift */,
				CLIPROVIDERS333333333333 /* Providers */,
			);
			path = CLI;
			sourceTree = "<group>";
		};
		CLIPROVIDERS333333333333 /* Providers */ = {
			isa = PBXGroup;
			children = (
				CLICOPILOT22222222222222 /* CopilotCLIProvider.swift */,
			);
			path = Providers;
			sourceTree = "<group>";
		};
		E33333333333333333333333 /* Models */ = {
			isa = PBXGroup;
			children = (
				E22222222222222222222222 /* CopilotUsage.swift */,
				E44444444444444444444444 /* UsageHistory.swift */,
				SS2222222222222222222222 /* SubscriptionSettings.swift */,
				BE39D5663A7ABADC7E54B91D /* ProviderProtocol.swift */,
				PR2222222222222222222222 /* ProviderResult.swift */,
				4158558E58B121A9D13C48C3 /* ProviderUsage.swift */,
			);
			path = Models;
			sourceTree = "<group>";
		};
		EC7EB390754865EBC783E08F /* ViewModels */ = {
			isa = PBXGroup;
			children = (
				8BDA856BBC854D3FF310EA51 /* ProviderViewModel.swift */,
			);
			name = ViewModels;
			sourceTree = "<group>";
		};
		ME3333333333333333333333 /* Helpers */ = {
			isa = PBXGroup;
			children = (
				ME2222222222222222222222 /* MenuEnums.swift */,
				PMB222222222222222222222 /* ProviderMenuBuilder.swift */,
				C1C7C9FDB4600114F02B2915 /* MenuDesignToken.swift */,
				0F6CE62C58ECA852F25FEF30 /* MenuResultBuilder.swift */,
			);
			path = Helpers;
			sourceTree = "<group>";
		};
		SP3333333333333333333333 /* Frameworks */ = {
			isa = PBXGroup;
			children = (
			);
			name = Frameworks;
			sourceTree = "<group>";
		};
		TFFFFFFFFFFFFFFFFFFFFFFFF /* CopilotMonitorTests */ = {
			isa = PBXGroup;
			children = (
				T22222222222222222222222 /* ProviderUsageTests.swift */,
				TOOOOOOOOOOOOOOOOOOOOOOO /* Fixtures */,
				B63B85E0F2A8C591D7E26AE2 /* GeminiCLIProviderTests.swift */,
				ED35D8BD06A436306085737D /* CopilotProviderTests.swift */,
				OR3333333333333333333333 /* OpenRouterProviderTests.swift */,
				2D2B4000E33060BA5E00351B /* DependencyTests.swift */,
				C8493409A9188CFF5B73D5B3 /* MenuDesignTokenTests.swift */,
				54353FD130DDE0500F6B367F /* MenuResultBuilderTests.swift */,
				SYNTHTEST1111111111111111 /* SyntheticProviderTests.swift */,
				NANOGPTTESTFR1111111111 /* NanoGptProviderTests.swift */,
				MINIMAXTESTFR11111111111 /* MiniMaxProviderTests.swift */,
				OCGOTESTFR11111111111 /* OpenCodeGoProviderTests.swift */,
				GROKTESTFR11111111111 /* GrokProviderTests.swift */,
				KIROTESTFR11111111111 /* KiroProviderTests.swift */,
				CURSORTSTFR11111111111 /* CursorProviderTests.swift */,
				TOKENTESTFR1111111111111 /* TokenManagerTests.swift */,
				CODEXTESTFR111111111111 /* CodexProviderTests.swift */,
				CMDCODETESTFR111111111 /* CommandCodeProviderTests.swift */,
				OCAUTHTESTFR11111111111 /* OpenCodeAuthDecodingTests.swift */,
				OCZENTESTFR111111111111 /* OpenCodeZenProviderTests.swift */,
				94055A7CFB59D90DA90B27A0 /* KeySourceTests.swift */,
				A1B2C3D4E5F60718293A4B5F /* ExchangeRateStoreTests.swift */,
				36C2B344956C6CBB5D2AA5E3 /* TavilySearchProviderTests.swift */,
				8F0ECB3B429456A48F1A4E69 /* SearchEngineTitleTests.swift */,
				7A255270920EBB45B5176EFA /* TavilyLiveIntegrationTests.swift */,
			);
			path = CopilotMonitorTests;
			sourceTree = "<group>";
		};
		TOOOOOOOOOOOOOOOOOOOOOOO /* Fixtures */ = {
			isa = PBXGroup;
			children = (
				T44444444444444444444444 /* claude_response.json */,
				T66666666666666666666666 /* codex_response.json */,
				T88888888888888888888888 /* copilot_response.json */,
				TAAAAAAAAAAAAAAAAAAAAAAA /* gemini_response.json */,
				MINIMAXJSONFR11111111111 /* minimax_response.json */,
				OR5555555555555555555555 /* openrouter_credits_response.json */,
				OR7777777777777777777777 /* openrouter_key_response.json */,
				CF23F2A5CF0366FB78011DCA /* ai_infra_keys.yaml */,
				08AE97C415017492D0809041 /* tavily_usage_response.json */,
				A1B2C3D4E5F60718293A4B61 /* exchange_rate_success.json */,
				A1B2C3D4E5F60718293A4B63 /* exchange_rate_error.json */,
			);
			path = Fixtures;
			sourceTree = "<group>";
		};
/* End PBXGroup section */

/* Begin PBXNativeTarget section */
		AFFFFFFFFFFFFFFFFFFFFF /* CopilotMonitor */ = {
			isa = PBXNativeTarget;
			buildConfigurationList = B11111111111111111111111 /* Build configuration list for PBXNativeTarget "CopilotMonitor" */;
			buildPhases = (
				B22222222222222222222222 /* Sources */,
				AAAAAAAAAAAAAAAAAAAAAAAA /* Frameworks */,
				B33333333333333333333333 /* Resources */,
				CLICOPYPH11111111111111111 /* Embed CLI */,
			);
			buildRules = (
			);
			dependencies = (
				CLIDEP1111111111111111111 /* PBXTargetDependency */,
			);
			name = CopilotMonitor;
			packageProductDependencies = (
				MBA2222222222222222222222 /* MenuBarExtraAccess */,
				SP2222222222222222222222 /* Sparkle */,
			);
			productName = CopilotMonitor;
			productReference = A77777777777777777777777 /* OpenCode Bar.app */;
			productType = "com.apple.product-type.application";
		};
		CLI8888888888888888888888 /* opencodebar-cli */ = {
			isa = PBXNativeTarget;
			buildConfigurationList = CLI9999999999999999999999 /* Build configuration list for PBXNativeTarget "opencodebar-cli" */;
			buildPhases = (
				CLIAAAAAAAAAAAAAAAAAAAAA /* Sources */,
				CLI6666666666666666666666 /* Frameworks */,
			);
			buildRules = (
			);
			dependencies = (
			);
			name = "opencodebar-cli";
			packageProductDependencies = (
				CLI4444444444444444444444 /* ArgumentParser */,
			);
			productName = "opencodebar-cli";
			productReference = CLI5555555555555555555555 /* opencodebar-cli */;
			productType = "com.apple.product-type.tool";
		};
		TGGGGGGGGGGGGGGGGGGGGGGG /* CopilotMonitorTests */ = {
			isa = PBXNativeTarget;
			buildConfigurationList = THHHHHHHHHHHHHHHHHHHHHHH /* Build configuration list for PBXNativeTarget "CopilotMonitorTests" */;
			buildPhases = (
				TIIIIIIIIIIIIIIIIIIIIII /* Sources */,
				TEEEEEEEEEEEEEEEEEEEEEE /* Frameworks */,
				TJJJJJJJJJJJJJJJJJJJJJJ /* Resources */,
			);
			buildRules = (
			);
			dependencies = (
				TKKKKKKKKKKKKKKKKKKKKKKK /* PBXTargetDependency */,
			);
			name = CopilotMonitorTests;
			productName = CopilotMonitorTests;
			productReference = TDDDDDDDDDDDDDDDDDDDDDD /* CopilotMonitorTests.xctest */;
			productType = "com.apple.product-type.bundle.unit-test";
		};
/* End PBXNativeTarget section */

/* Begin PBXProject section */
		B44444444444444444444444 /* Project object */ = {
			isa = PBXProject;
			attributes = {
				BuildIndependentTargetsInParallel = 1;
				LastSwiftUpdateCheck = 1500;
				LastUpgradeCheck = 1500;
				TargetAttributes = {
					AFFFFFFFFFFFFFFFFFFFFF = {
						CreatedOnToolsVersion = 15.0;
					};
				};
			};
			buildConfigurationList = B55555555555555555555555 /* Build configuration list for PBXProject "CopilotMonitor" */;
			compatibilityVersion = "Xcode 14.0";
			developmentRegion = en;
			hasScannedForEncodings = 0;
			knownRegions = (
				en,
				Base,
			);
			mainGroup = ABBBBBBBBBBBBBBBBBBBBBBB;
			packageReferences = (
				SP4444444444444444444444 /* XCRemoteSwiftPackageReference "Sparkle" */,
				MBA1111111111111111111111 /* XCRemoteSwiftPackageReference "MenuBarExtraAccess" */,
				CLIBBBBBBBBBBBBBBBBBBBBB /* XCRemoteSwiftPackageReference "swift-argument-parser" */,
			);
			productRefGroup = ADDDDDDDDDDDDDDDDDDDDDDD /* Products */;
			projectDirPath = "";
			projectRoot = "";
			targets = (
				AFFFFFFFFFFFFFFFFFFFFF /* CopilotMonitor */,
				CLI8888888888888888888888 /* opencodebar-cli */,
				TGGGGGGGGGGGGGGGGGGGGGGG /* CopilotMonitorTests */,
			);
		};
/* End PBXProject section */

/* Begin PBXResourcesBuildPhase section */
		B33333333333333333333333 /* Resources */ = {
			isa = PBXResourcesBuildPhase;
			buildActionMask = 2147483647;
			files = (
				A55555555555555555555555 /* Assets.xcassets in Resources */,
			);
			runOnlyForDeploymentPostprocessing = 0;
		};
		TJJJJJJJJJJJJJJJJJJJJJJ /* Resources */ = {
			isa = PBXResourcesBuildPhase;
			buildActionMask = 2147483647;
			files = (
				T33333333333333333333333 /* claude_response.json in Resources */,
				T55555555555555555555555 /* codex_response.json in Resources */,
				T77777777777777777777777 /* copilot_response.json in Resources */,
				T99999999999999999999999 /* gemini_response.json in Resources */,
				MINIMAXJSONBF11111111111 /* minimax_response.json in Resources */,
				OR6666666666666666666666 /* openrouter_credits_response.json in Resources */,
				OR8888888888888888888888 /* openrouter_key_response.json in Resources */,
				C770099D14F30416045F8AFA /* ai_infra_keys.yaml in Resources */,
				7023538D2C1FD2C142C4D0C6 /* tavily_usage_response.json in Resources */,
				A1B2C3D4E5F60718293A4B60 /* exchange_rate_success.json in Resources */,
				A1B2C3D4E5F60718293A4B62 /* exchange_rate_error.json in Resources */,
			);
			runOnlyForDeploymentPostprocessing = 0;
		};
/* End PBXResourcesBuildPhase section */

/* Begin PBXSourcesBuildPhase section */
		B22222222222222222222222 /* Sources */ = {
			isa = PBXSourcesBuildPhase;
			buildActionMask = 2147483647;
			files = (
				283348F92F313096004DADE1 /* ProviderResult.swift in Sources */,
				A33333333333333333333333 /* AppDelegate.swift in Sources */,
				AM1111111111111111111111 /* AppMigrationHelper.swift in Sources */,
				A454D8C42F30548900E355E3 /* ZaiCodingPlanProvider.swift in Sources */,
				NANOGPTAPP11111111111111 /* NanoGptProvider.swift in Sources */,
				BCDE4599B74AF7A799CE1D /* StatusBarIconView.swift in Sources */,
				ME1111111111111111111111 /* MenuEnums.swift in Sources */,
				D11111111111111111111111 /* StatusBarController.swift in Sources */,
				E11111111111111111111111 /* CopilotUsage.swift in Sources */,
				283348FA2F313096004DADE1 /* UsageHistory.swift in Sources */,
				SS1111111111111111111111 /* SubscriptionSettings.swift in Sources */,
				F11111111111111111111111 /* UsagePredictor.swift in Sources */,
				283348FB2F313096004DADE1 /* GeminiCLIProvider.swift in Sources */,
				283348FC2F313096004DADE1 /* ProviderProtocol.swift in Sources */,
				283348FD2F313096004DADE1 /* ProviderUsage.swift in Sources */,
				283348FE2F313096004DADE1 /* TokenManager.swift in Sources */,
				87297CDD8B65F7EF0BC5D650 /* ProviderManager.swift in Sources */,
				AD95EBD6AE3134DF4C797577 /* ClaudeProvider.swift in Sources */,
				0B6CF8BEB936A2055F19AA8C /* CodexProvider.swift in Sources */,
				CMDCODEAPP111111111111 /* CommandCodeProvider.swift in Sources */,
				CURSORAPP1111111111111 /* CursorProvider.swift in Sources */,
				27A0B56ADAC5B75A3270F90D /* CopilotProvider.swift in Sources */,
				OC1111111111111111111111 /* OpenCodeProvider.swift in Sources */,
				OR1111111111111111111111 /* OpenRouterProvider.swift in Sources */,
				390C3E920A03C8890AAA1CEE /* AntigravityProvider.swift in Sources */,
				OZ1111111111111111111111 /* OpenCodeZenProvider.swift in Sources */,
				KI1111111111111111111111 /* KimiProvider.swift in Sources */,
				MINIMAXAPP11111111111111 /* MiniMaxProvider.swift in Sources */,
				OCGOAPP11111111111111 /* OpenCodeGoProvider.swift in Sources */,
				GROKAPP11111111111111 /* GrokProvider.swift in Sources */,
				KIROAPP11111111111111 /* KiroProvider.swift in Sources */,
				283349012F313176004DADE1 /* ChutesProvider.swift in Sources */,
				TAVILYAPP111111111111111 /* TavilySearchProvider.swift in Sources */,
				BRAVEAPP1111111111111111 /* BraveSearchProvider.swift in Sources */,
				SYNTHETIC1111111111111111 /* SyntheticProvider.swift in Sources */,
				283348FF2F313096004DADE1 /* BrowserCookieService.swift in Sources */,
				6C4146861DE2C13836DE1D35 /* CopilotHistoryService.swift in Sources */,
				PMB111111111111111111111 /* ProviderMenuBuilder.swift in Sources */,
				F08C918116D7B3024B68C81A /* MenuDesignToken.swift in Sources */,
				A14AF9AC6A646726B7C94978 /* MenuResultBuilder.swift in Sources */,
				8EA90F9E26F29FC7938D2924 /* ProviderViewModel.swift in Sources */,
				6E20731420660405A73659A3 /* ModernApp.swift in Sources */,
				CB4724DEB2377B892281E8CD /* ModernStatusBarIconView.swift in Sources */,
				E92DAE297D071D146591E201 /* MultiProviderStatusBarIconView.swift in Sources */,
				7C7800B96DEE77EBE9DAD5E8 /* KeySource.swift in Sources */,
				A1B2C3D4E5F60718293A4B64 /* ExchangeRateStore.swift in Sources */,
			);
			runOnlyForDeploymentPostprocessing = 0;
		};
		CLIAAAAAAAAAAAAAAAAAAAAA /* Sources */ = {
			isa = PBXSourcesBuildPhase;
			buildActionMask = 2147483647;
			files = (
				CLI1111111111111111111111 /* main.swift in Sources */,
				CB3FA9AE43F3466269FA56F4 /* ProviderProtocol.swift in Sources */,
				B248782F500D3B09E0CE5AC8 /* ProviderUsage.swift in Sources */,
				PR1111111111111111111111 /* ProviderResult.swift in Sources */,
				E33333333333333333333334 /* UsageHistory.swift in Sources */,
				0EA5E7A5BCD47582D6C2175B /* TokenManager.swift in Sources */,
				68CE796F262067298FE88469 /* BrowserCookieService.swift in Sources */,
				CLICLAUDE11111111111111 /* ClaudeProvider.swift in Sources */,
				CLICODEX111111111111111 /* CodexProvider.swift in Sources */,
				CMDCODECLI111111111111 /* CommandCodeProvider.swift in Sources */,
				CLICURSOR1111111111111 /* CursorProvider.swift in Sources */,
				F35960B456C28D71BE7575A5 /* GeminiCLIProvider.swift in Sources */,
				CLIOPENROUTER111111111 /* OpenRouterProvider.swift in Sources */,
				CLIANTIGRAVITY11111111 /* AntigravityProvider.swift in Sources */,
				CLIOPENCZEN1111111111111 /* OpenCodeZenProvider.swift in Sources */,
				CLIKIMI1111111111111111 /* KimiProvider.swift in Sources */,
				CLIMINIMAX11111111111111 /* MiniMaxProvider.swift in Sources */,
				OCGOCLI11111111111111 /* OpenCodeGoProvider.swift in Sources */,
				GROKCLI11111111111111 /* GrokProvider.swift in Sources */,
				KIROCLI11111111111111 /* KiroProvider.swift in Sources */,
				CLIZAI11111111111111111 /* ZaiCodingPlanProvider.swift in Sources */,
				NANOGPTCLI11111111111111 /* NanoGptProvider.swift in Sources */,
				283349022F313176004DADE1 /* ChutesProvider.swift in Sources */,
				CLITAVILY111111111111111 /* TavilySearchProvider.swift in Sources */,
				CLIBRAVE1111111111111111 /* BraveSearchProvider.swift in Sources */,
				CLISYNTHETIC1111111111111 /* SyntheticProvider.swift in Sources */,
				CLIPROVMGR11111111111111 /* CLIProviderManager.swift in Sources */,
				CLICOPILOT11111111111111 /* CopilotCLIProvider.swift in Sources */,
				CLIHISTORY11111111111111 /* CopilotHistoryService.swift in Sources */,
				CLICOPILOTUSAGE111111111 /* CopilotUsage.swift in Sources */,
				A7E5552C32E6B46F047AC1C6 /* KeySource.swift in Sources */,
			);
			runOnlyForDeploymentPostprocessing = 0;
		};
		TIIIIIIIIIIIIIIIIIIIIII /* Sources */ = {
			isa = PBXSourcesBuildPhase;
			buildActionMask = 2147483647;
			files = (
				T11111111111111111111111 /* ProviderUsageTests.swift in Sources */,
				23AA5FD37F2062EACCA79F50 /* GeminiCLIProviderTests.swift in Sources */,
				632E52F6050FAD5CAF928E36 /* CopilotProviderTests.swift in Sources */,
				OR4444444444444444444444 /* OpenRouterProviderTests.swift in Sources */,
				668B6906C95903D51823808A /* DependencyTests.swift in Sources */,
				A1BED4A5CA1FEC2DADC461C2 /* MenuDesignTokenTests.swift in Sources */,
				B58BAD3BFD97973070A2A892 /* MenuResultBuilderTests.swift in Sources */,
				SYNTHTEST2222222222222222 /* SyntheticProviderTests.swift in Sources */,
				NANOGPTTESTBF1111111111 /* NanoGptProviderTests.swift in Sources */,
				MINIMAXTESTBF11111111111 /* MiniMaxProviderTests.swift in Sources */,
				OCGOTESTBF11111111111 /* OpenCodeGoProviderTests.swift in Sources */,
				GROKTESTBF11111111111 /* GrokProviderTests.swift in Sources */,
				KIROTESTBF11111111111 /* KiroProviderTests.swift in Sources */,
				CURSORTSTBF11111111111 /* CursorProviderTests.swift in Sources */,
				TOKENTESTBF1111111111111 /* TokenManagerTests.swift in Sources */,
				CODEXTESTBF111111111111 /* CodexProviderTests.swift in Sources */,
				CMDCODETESTBF111111111 /* CommandCodeProviderTests.swift in Sources */,
				OCAUTHTESTBF11111111111 /* OpenCodeAuthDecodingTests.swift in Sources */,
				OCZENTESTBF111111111111 /* OpenCodeZenProviderTests.swift in Sources */,
				3598A5E3900D37EA08DEA6F4 /* KeySourceTests.swift in Sources */,
				B452E4DDD82E777D8394D295 /* TavilySearchProviderTests.swift in Sources */,
				27B95F7F84DDB8B206A2E21A /* SearchEngineTitleTests.swift in Sources */,
				11DD5CEEB9FA083728D151DD /* TavilyLiveIntegrationTests.swift in Sources */,
				A1B2C3D4E5F60718293A4B5E /* ExchangeRateStoreTests.swift in Sources */,
			);
			runOnlyForDeploymentPostprocessing = 0;
		};
/* End PBXSourcesBuildPhase section */

/* Begin PBXTargetDependency section */
		CLIDEP1111111111111111111 /* PBXTargetDependency */ = {
			isa = PBXTargetDependency;
			target = CLI8888888888888888888888 /* opencodebar-cli */;
			targetProxy = CLIPROXY11111111111111111 /* PBXContainerItemProxy */;
		};
		TKKKKKKKKKKKKKKKKKKKKKKK /* PBXTargetDependency */ = {
			isa = PBXTargetDependency;
			target = AFFFFFFFFFFFFFFFFFFFFF /* CopilotMonitor */;
			targetProxy = TNNNNNNNNNNNNNNNNNNNNNNN /* PBXContainerItemProxy */;
		};
/* End PBXTargetDependency section */

/* Begin XCBuildConfiguration section */
		B66666666666666666666666 /* Debug */ = {
			isa = XCBuildConfiguration;
			buildSettings = {
				ALWAYS_SEARCH_USER_PATHS = NO;
				ASSETCATALOG_COMPILER_GENERATE_SWIFT_ASSET_SYMBOL_EXTENSIONS = YES;
				CLANG_ANALYZER_NONNULL = YES;
				CLANG_ANALYZER_NUMBER_OBJECT_CONVERSION = YES_AGGRESSIVE;
				CLANG_CXX_LANGUAGE_STANDARD = "gnu++20";
				CLANG_ENABLE_MODULES = YES;
				CLANG_ENABLE_OBJC_ARC = YES;
				CLANG_ENABLE_OBJC_WEAK = YES;
				CLANG_WARN_BLOCK_CAPTURE_AUTORELEASING = YES;
				CLANG_WARN_BOOL_CONVERSION = YES;
				CLANG_WARN_COMMA = YES;
				CLANG_WARN_CONSTANT_CONVERSION = YES;
				CLANG_WARN_DEPRECATED_OBJC_IMPLEMENTATIONS = YES;
				CLANG_WARN_DIRECT_OBJC_ISA_USAGE = YES_ERROR;
				CLANG_WARN_DOCUMENTATION_COMMENTS = YES;
				CLANG_WARN_EMPTY_BODY = YES;
				CLANG_WARN_ENUM_CONVERSION = YES;
				CLANG_WARN_INFINITE_RECURSION = YES;
				CLANG_WARN_INT_CONVERSION = YES;
				CLANG_WARN_NON_LITERAL_NULL_CONVERSION = YES;
				CLANG_WARN_OBJC_IMPLICIT_RETAIN_SELF = YES;
				CLANG_WARN_OBJC_LITERAL_CONVERSION = YES;
				CLANG_WARN_OBJC_ROOT_CLASS = YES_ERROR;
				CLANG_WARN_QUOTED_INCLUDE_IN_FRAMEWORK_HEADER = YES;
				CLANG_WARN_RANGE_LOOP_ANALYSIS = YES;
				CLANG_WARN_STRICT_PROTOTYPES = YES;
				CLANG_WARN_SUSPICIOUS_MOVE = YES;
				CLANG_WARN_UNGUARDED_AVAILABILITY = YES_AGGRESSIVE;
				CLANG_WARN_UNREACHABLE_CODE = YES;
				CLANG_WARN__DUPLICATE_METHOD_MATCH = YES;
				COPY_PHASE_STRIP = NO;
				DEAD_CODE_STRIPPING = YES;
				DEBUG_INFORMATION_FORMAT = dwarf;
				ENABLE_STRICT_OBJC_MSGSEND = YES;
				ENABLE_TESTABILITY = YES;
				ENABLE_USER_SCRIPT_SANDBOXING = YES;
				GCC_C_LANGUAGE_STANDARD = gnu17;
				GCC_DYNAMIC_NO_PIC = NO;
				GCC_NO_COMMON_BLOCKS = YES;
				GCC_OPTIMIZATION_LEVEL = 0;
				GCC_PREPROCESSOR_DEFINITIONS = (
					"DEBUG=1",
					"$(inherited)",
				);
				GCC_WARN_64_TO_32_BIT_CONVERSION = YES;
				GCC_WARN_ABOUT_RETURN_TYPE = YES_ERROR;
				GCC_WARN_UNDECLARED_SELECTOR = YES;
				GCC_WARN_UNINITIALIZED_AUTOS = YES_AGGRESSIVE;
				GCC_WARN_UNUSED_FUNCTION = YES;
				GCC_WARN_UNUSED_VARIABLE = YES;
				MACOSX_DEPLOYMENT_TARGET = 13.0;
				MTL_ENABLE_DEBUG_INFO = INCLUDE_SOURCE;
				MTL_FAST_MATH = YES;
				ONLY_ACTIVE_ARCH = YES;
				SDKROOT = macosx;
				STRING_CATALOG_GENERATE_SYMBOLS = YES;
				SWIFT_ACTIVE_COMPILATION_CONDITIONS = "DEBUG $(inherited)";
				SWIFT_OPTIMIZATION_LEVEL = "-Onone";
			};
			name = Debug;
		};
		B77777777777777777777777 /* Release */ = {
			isa = XCBuildConfiguration;
			buildSettings = {
				ALWAYS_SEARCH_USER_PATHS = NO;
				ASSETCATALOG_COMPILER_GENERATE_SWIFT_ASSET_SYMBOL_EXTENSIONS = YES;
				CLANG_ANALYZER_NONNULL = YES;
				CLANG_ANALYZER_NUMBER_OBJECT_CONVERSION = YES_AGGRESSIVE;
				CLANG_CXX_LANGUAGE_STANDARD = "gnu++20";
				CLANG_ENABLE_MODULES = YES;
				CLANG_ENABLE_OBJC_ARC = YES;
				CLANG_ENABLE_OBJC_WEAK = YES;
				CLANG_WARN_BLOCK_CAPTURE_AUTORELEASING = YES;
				CLANG_WARN_BOOL_CONVERSION = YES;
				CLANG_WARN_COMMA = YES;
				CLANG_WARN_CONSTANT_CONVERSION = YES;
				CLANG_WARN_DEPRECATED_OBJC_IMPLEMENTATIONS = YES;
				CLANG_WARN_DIRECT_OBJC_ISA_USAGE = YES_ERROR;
				CLANG_WARN_DOCUMENTATION_COMMENTS = YES;
				CLANG_WARN_EMPTY_BODY = YES;
				CLANG_WARN_ENUM_CONVERSION = YES;
				CLANG_WARN_INFINITE_RECURSION = YES;
				CLANG_WARN_INT_CONVERSION = YES;
				CLANG_WARN_NON_LITERAL_NULL_CONVERSION = YES;
				CLANG_WARN_OBJC_IMPLICIT_RETAIN_SELF = YES;
				CLANG_WARN_OBJC_LITERAL_CONVERSION = YES;
				CLANG_WARN_OBJC_ROOT_CLASS = YES_ERROR;
				CLANG_WARN_QUOTED_INCLUDE_IN_FRAMEWORK_HEADER = YES;
				CLANG_WARN_RANGE_LOOP_ANALYSIS = YES;
				CLANG_WARN_STRICT_PROTOTYPES = YES;
				CLANG_WARN_SUSPICIOUS_MOVE = YES;
				CLANG_WARN_UNGUARDED_AVAILABILITY = YES_AGGRESSIVE;
				CLANG_WARN_UNREACHABLE_CODE = YES;
				CLANG_WARN__DUPLICATE_METHOD_MATCH = YES;
				COPY_PHASE_STRIP = NO;
				DEAD_CODE_STRIPPING = YES;
				DEBUG_INFORMATION_FORMAT = "dwarf-with-dsym";
				ENABLE_NS_ASSERTIONS = NO;
				ENABLE_STRICT_OBJC_MSGSEND = YES;
				ENABLE_USER_SCRIPT_SANDBOXING = YES;
				GCC_C_LANGUAGE_STANDARD = gnu17;
				GCC_NO_COMMON_BLOCKS = YES;
				GCC_WARN_64_TO_32_BIT_CONVERSION = YES;
				GCC_WARN_ABOUT_RETURN_TYPE = YES_ERROR;
				GCC_WARN_UNDECLARED_SELECTOR = YES;
				GCC_WARN_UNINITIALIZED_AUTOS = YES_AGGRESSIVE;
				GCC_WARN_UNUSED_FUNCTION = YES;
				GCC_WARN_UNUSED_VARIABLE = YES;
				MACOSX_DEPLOYMENT_TARGET = 13.0;
				MTL_ENABLE_DEBUG_INFO = NO;
				MTL_FAST_MATH = YES;
				SDKROOT = macosx;
				STRING_CATALOG_GENERATE_SYMBOLS = YES;
				SWIFT_COMPILATION_MODE = wholemodule;
			};
			name = Release;
		};
		B88888888888888888888888 /* Debug */ = {
			isa = XCBuildConfiguration;
			buildSettings = {
				ASSETCATALOG_COMPILER_APPICON_NAME = AppIcon;
				ASSETCATALOG_COMPILER_GLOBAL_ACCENT_COLOR_NAME = AccentColor;
				CODE_SIGN_ENTITLEMENTS = CopilotMonitor/CopilotMonitor.entitlements;
				CODE_SIGN_STYLE = Automatic;
				COMBINE_HIDPI_IMAGES = YES;
				CURRENT_PROJECT_VERSION = 3;
				DEAD_CODE_STRIPPING = YES;
				DEVELOPMENT_TEAM = "";
				ENABLE_APP_SANDBOX = NO;
				ENABLE_HARDENED_RUNTIME = YES;
				ENABLE_OUTGOING_NETWORK_CONNECTIONS = YES;
				GENERATE_INFOPLIST_FILE = NO;
				INFOPLIST_FILE = CopilotMonitor/Info.plist;
				LD_RUNPATH_SEARCH_PATHS = (
					"$(inherited)",
					"@executable_path/../Frameworks",
				);
				MARKETING_VERSION = 1.0;
				PRODUCT_BUNDLE_IDENTIFIER = com.tokenking.app;
				PRODUCT_NAME = "OpenCode Bar";
				SWIFT_EMIT_LOC_STRINGS = YES;
				SWIFT_VERSION = 5.0;
			};
			name = Debug;
		};
		B99999999999999999999999 /* Release */ = {
			isa = XCBuildConfiguration;
			buildSettings = {
				ASSETCATALOG_COMPILER_APPICON_NAME = AppIcon;
				ASSETCATALOG_COMPILER_GLOBAL_ACCENT_COLOR_NAME = AccentColor;
				CODE_SIGN_ENTITLEMENTS = CopilotMonitor/CopilotMonitor.entitlements;
				CODE_SIGN_STYLE = Automatic;
				COMBINE_HIDPI_IMAGES = YES;
				CURRENT_PROJECT_VERSION = 3;
				DEAD_CODE_STRIPPING = YES;
				DEVELOPMENT_TEAM = "";
				ENABLE_APP_SANDBOX = NO;
				ENABLE_HARDENED_RUNTIME = YES;
				ENABLE_OUTGOING_NETWORK_CONNECTIONS = YES;
				GENERATE_INFOPLIST_FILE = NO;
				INFOPLIST_FILE = CopilotMonitor/Info.plist;
				LD_RUNPATH_SEARCH_PATHS = (
					"$(inherited)",
					"@executable_path/../Frameworks",
				);
				MARKETING_VERSION = 1.0;
				PRODUCT_BUNDLE_IDENTIFIER = com.tokenking.app;
				PRODUCT_NAME = "OpenCode Bar";
				SWIFT_EMIT_LOC_STRINGS = YES;
				SWIFT_VERSION = 5.0;
			};
			name = Release;
		};
		CLICCCCCCCCCCCCCCCCCCCCC /* Debug */ = {
			isa = XCBuildConfiguration;
			buildSettings = {
				CODE_SIGN_STYLE = Automatic;
				DEAD_CODE_STRIPPING = YES;
				DEVELOPMENT_TEAM = "";
				MACOSX_DEPLOYMENT_TARGET = 13.0;
				PRODUCT_NAME = "$(TARGET_NAME)";
				SWIFT_PARSE_AS_LIBRARY = YES;
				SWIFT_VERSION = 5.0;
			};
			name = Debug;
		};
		CLIDDDDDDDDDDDDDDDDDDDDD /* Release */ = {
			isa = XCBuildConfiguration;
			buildSettings = {
				CODE_SIGN_STYLE = Automatic;
				COPY_PHASE_STRIP = YES;
				DEAD_CODE_STRIPPING = YES;
				DEPLOYMENT_POSTPROCESSING = YES;
				DEVELOPMENT_TEAM = "";
				MACOSX_DEPLOYMENT_TARGET = 13.0;
				PRODUCT_NAME = "$(TARGET_NAME)";
				SWIFT_OPTIMIZATION_LEVEL = "-O";
				SWIFT_PARSE_AS_LIBRARY = YES;
				SWIFT_VERSION = 5.0;
			};
			name = Release;
		};
		TLLLLLLLLLLLLLLLLLLLLLL /* Debug */ = {
			isa = XCBuildConfiguration;
			buildSettings = {
				BUNDLE_LOADER = "$(TEST_HOST)";
				CODE_SIGN_STYLE = Automatic;
				CURRENT_PROJECT_VERSION = 1;
				DEAD_CODE_STRIPPING = YES;
				DEVELOPMENT_TEAM = "";
				GENERATE_INFOPLIST_FILE = YES;
				MACOSX_DEPLOYMENT_TARGET = 13.0;
				MARKETING_VERSION = 1.0;
				PRODUCT_BUNDLE_IDENTIFIER = com.tokenking.app.tests;
				PRODUCT_NAME = "$(TARGET_NAME)";
				SWIFT_EMIT_LOC_STRINGS = NO;
				SWIFT_VERSION = 5.0;
				TEST_HOST = "$(BUILT_PRODUCTS_DIR)/OpenCode Bar.app/Contents/MacOS/OpenCode Bar";
			};
			name = Debug;
		};
		TMMMMMMMMMMMMMMMMMMMMMM /* Release */ = {
			isa = XCBuildConfiguration;
			buildSettings = {
				BUNDLE_LOADER = "$(TEST_HOST)";
				CODE_SIGN_STYLE = Automatic;
				CURRENT_PROJECT_VERSION = 1;
				DEAD_CODE_STRIPPING = YES;
				DEVELOPMENT_TEAM = "";
				GENERATE_INFOPLIST_FILE = YES;
				MACOSX_DEPLOYMENT_TARGET = 13.0;
				MARKETING_VERSION = 1.0;
				PRODUCT_BUNDLE_IDENTIFIER = com.tokenking.app.tests;
				PRODUCT_NAME = "$(TARGET_NAME)";
				SWIFT_EMIT_LOC_STRINGS = NO;
				SWIFT_VERSION = 5.0;
				TEST_HOST = "$(BUILT_PRODUCTS_DIR)/OpenCode Bar.app/Contents/MacOS/OpenCode Bar";
			};
			name = Release;
		};
/* End XCBuildConfiguration section */

/* Begin XCConfigurationList section */
		B11111111111111111111111 /* Build configuration list for PBXNativeTarget "CopilotMonitor" */ = {
			isa = XCConfigurationList;
			buildConfigurations = (
				B88888888888888888888888 /* Debug */,
				B99999999999999999999999 /* Release */,
			);
			defaultConfigurationIsVisible = 0;
			defaultConfigurationName = Release;
		};
		B55555555555555555555555 /* Build configuration list for PBXProject "CopilotMonitor" */ = {
			isa = XCConfigurationList;
			buildConfigurations = (
				B66666666666666666666666 /* Debug */,
				B77777777777777777777777 /* Release */,
			);
			defaultConfigurationIsVisible = 0;
			defaultConfigurationName = Release;
		};
		CLI9999999999999999999999 /* Build configuration list for PBXNativeTarget "opencodebar-cli" */ = {
			isa = XCConfigurationList;
			buildConfigurations = (
				CLICCCCCCCCCCCCCCCCCCCCC /* Debug */,
				CLIDDDDDDDDDDDDDDDDDDDDD /* Release */,
			);
			defaultConfigurationIsVisible = 0;
			defaultConfigurationName = Release;
		};
		THHHHHHHHHHHHHHHHHHHHHHH /* Build configuration list for PBXNativeTarget "CopilotMonitorTests" */ = {
			isa = XCConfigurationList;
			buildConfigurations = (
				TLLLLLLLLLLLLLLLLLLLLLL /* Debug */,
				TMMMMMMMMMMMMMMMMMMMMMM /* Release */,
			);
			defaultConfigurationIsVisible = 0;
			defaultConfigurationName = Release;
		};
/* End XCConfigurationList section */

/* Begin XCRemoteSwiftPackageReference section */
		CLIBBBBBBBBBBBBBBBBBBBBB /* XCRemoteSwiftPackageReference "swift-argument-parser" */ = {
			isa = XCRemoteSwiftPackageReference;
			repositoryURL = "https://github.com/apple/swift-argument-parser";
			requirement = {
				kind = exactVersion;
				version = 1.5.0;
			};
		};
		MBA1111111111111111111111 /* XCRemoteSwiftPackageReference "MenuBarExtraAccess" */ = {
			isa = XCRemoteSwiftPackageReference;
			repositoryURL = "https://github.com/orchetect/MenuBarExtraAccess";
			requirement = {
				kind = upToNextMajorVersion;
				minimumVersion = 1.0.0;
			};
		};
		SP4444444444444444444444 /* XCRemoteSwiftPackageReference "Sparkle" */ = {
			isa = XCRemoteSwiftPackageReference;
			repositoryURL = "https://github.com/sparkle-project/Sparkle";
			requirement = {
				kind = upToNextMajorVersion;
				minimumVersion = 2.6.0;
			};
		};
/* End XCRemoteSwiftPackageReference section */

/* Begin XCSwiftPackageProductDependency section */
		CLI4444444444444444444444 /* ArgumentParser */ = {
			isa = XCSwiftPackageProductDependency;
			package = CLIBBBBBBBBBBBBBBBBBBBBB /* XCRemoteSwiftPackageReference "swift-argument-parser" */;
			productName = ArgumentParser;
		};
		MBA2222222222222222222222 /* MenuBarExtraAccess */ = {
			isa = XCSwiftPackageProductDependency;
			package = MBA1111111111111111111111 /* XCRemoteSwiftPackageReference "MenuBarExtraAccess" */;
			productName = MenuBarExtraAccess;
		};
		SP2222222222222222222222 /* Sparkle */ = {
			isa = XCSwiftPackageProductDependency;
			package = SP4444444444444444444444 /* XCRemoteSwiftPackageReference "Sparkle" */;
			productName = Sparkle;
		};
/* End XCSwiftPackageProductDependency section */
	};
	rootObject = B44444444444444444444444 /* Project object */;
}
